
Microsoft Visual Studio Solution File, Format Version 12.00
# Visual Studio Version 17
VisualStudioVersion = 17.4.33213.308
MinimumVisualStudioVersion = 10.0.40219.1
Project("{8BC9CEB8-8B4A-11D0-8D11-00A0C91BC942}") = "Fisualizer", "Fisualizer\Fisualizer.vcxproj", "{839767F4-4A21-45C3-8B7F-7DE9E161062A}"
EndProject
Global
	GlobalSection(SolutionConfigurationPlatforms) = preSolution
		Debug|x64 = Debug|x64
		Debug|x86 = Debug|x86
		Release|x64 = Release|x64
		Release|x86 = Release|x86
	EndGlobalSection
	GlobalSection(ProjectConfigurationPlatforms) = postSolution
		{839767F4-4A21-45C3-8B7F-7DE9E161062A}.Debug|x64.ActiveCfg = Debug|x64
		{839767F4-4A21-45C3-8B7F-7DE9E161062A}.Debug|x64.Build.0 = Debug|x64
		{839767F4-4A21-45C3-8B7F-7DE9E161062A}.Debug|x86.ActiveCfg = Debug|Win32
		{839767F4-4A21-45C3-8B7F-7DE9E161062A}.Debug|x86.Build.0 = Debug|Win32
		{839767F4-4A21-45C3-8B7F-7DE9E161062A}.Release|x64.ActiveCfg = Release|x64
		{839767F4-4A21-45C3-8B7F-7DE9E161062A}.Release|x64.Build.0 = Release|x64
		{839767F4-4A21-45C3-8B7F-7DE9E161062A}.Release|x86.ActiveCfg = Release|Win32
		{839767F4-4A21-45C3-8B7F-7DE9E161062A}.Release|x86.Build.0 = Release|Win32
	EndGlobalSection
	GlobalSection(SolutionProperties) = preSolution
		HideSolutionNode = FALSE
	EndGlobalSection
	GlobalSection(ExtensibilityGlobals) = postSolution
		SolutionGuid = {7873E6F0-EB27-42CF-B330-DCE0E98EE38B}
	EndGlobalSection
EndGlobal
